
Microsoft Visual Studio Solution File, Format Version 12.00
# Visual Studio Version 16
VisualStudioVersion = 16.0.31729.503
MinimumVisualStudioVersion = 10.0.40219.1
Project("{FAE04EC0-301F-11D3-BF4B-00C04F79EFBC}") = "November2021", "November2021\November2021.csproj", "{10BFC398-1F46-400A-9870-AB8EAD466F13}"
EndProject
Global
	GlobalSection(SolutionConfigurationPlatforms) = preSolution
		Debug|Any CPU = Debug|Any CPU
		Release|Any CPU = Release|Any CPU
	EndGlobalSection
	GlobalSection(ProjectConfigurationPlatforms) = postSolution
		{10BFC398-1F46-400A-9870-AB8EAD466F13}.Debug|Any CPU.ActiveCfg = Debug|Any CPU
		{10BFC398-1F46-400A-9870-AB8EAD466F13}.Debug|Any CPU.Build.0 = Debug|Any CPU
		{10BFC398-1F46-400A-9870-AB8EAD466F13}.Release|Any CPU.ActiveCfg = Release|Any CPU
		{10BFC398-1F46-400A-9870-AB8EAD466F13}.Release|Any CPU.Build.0 = Release|Any CPU
	EndGlobalSection
	GlobalSection(SolutionProperties) = preSolution
		HideSolutionNode = FALSE
	EndGlobalSection
	GlobalSection(ExtensibilityGlobals) = postSolution
		SolutionGuid = {2EA48EFB-6FCE-4F51-8EF0-C2ED03F1B12D}
	EndGlobalSection
EndGlobal
